PODS:
  - Firebase/Analytics (11.4.0):
    - Firebase/Core
  - Firebase/Auth (11.4.0):
    - Firebase/CoreOnly
    - FirebaseAuth (~> 11.4.0)
  - Firebase/Core (11.4.0):
    - Firebase/CoreOnly
    - FirebaseAnalytics (~> 11.4.0)
  - Firebase/CoreOnly (11.4.0):
    - FirebaseCore (= 11.4.0)
  - firebase_analytics (11.3.4):
    - Firebase/Analytics (= 11.4.0)
    - firebase_core
    - Flutter
  - firebase_auth (5.3.2):
    - Firebase/Auth (= 11.4.0)
    - firebase_core
    - Flutter
  - firebase_core (3.7.0):
    - Firebase/CoreOnly (= 11.4.0)
    - Flutter
  - FirebaseAnalytics (11.4.0):
    - FirebaseAnalytics/AdIdSupport (= 11.4.0)
    - FirebaseCore (~> 11.0)
    - FirebaseInstallations (~> 11.0)
    - GoogleUtilities/AppDelegateSwizzler (~> 8.0)
    - GoogleUtilities/MethodSwizzler (~> 8.0)
    - GoogleUtilities/Network (~> 8.0)
    - "GoogleUtilities/NSData+zlib (~> 8.0)"
    - nanopb (~> 3.30910.0)
  - FirebaseAnalytics/AdIdSupport (11.4.0):
    - FirebaseCore (~> 11.0)
    - FirebaseInstallations (~> 11.0)
    - GoogleAppMeasurement (= 11.4.0)
    - GoogleUtilities/AppDelegateSwizzler (~> 8.0)
    - GoogleUtilities/MethodSwizzler (~> 8.0)
    - GoogleUtilities/Network (~> 8.0)
    - "GoogleUtilities/NSData+zlib (~> 8.0)"
    - nanopb (~> 3.30910.0)
  - FirebaseAppCheckInterop (11.4.0)
  - FirebaseAuth (11.4.0):
    - FirebaseAppCheckInterop (~> 11.0)
    - FirebaseAuthInterop (~> 11.0)
    - FirebaseCore (~> 11.4)
    - FirebaseCoreExtension (~> 11.4)
    - GoogleUtilities/AppDelegateSwizzler (~> 8.0)
    - GoogleUtilities/Environment (~> 8.0)
    - GTMSessionFetcher/Core (< 5.0, >= 3.4)
    - RecaptchaInterop (~> 100.0)
  - FirebaseAuthInterop (11.4.0)
  - FirebaseCore (11.4.0):
    - FirebaseCoreInternal (~> 11.0)
    - GoogleUtilities/Environment (~> 8.0)
    - GoogleUtilities/Logger (~> 8.0)
  - FirebaseCoreExtension (11.4.1):
    - FirebaseCore (~> 11.0)
  - FirebaseCoreInternal (11.4.2):
    - "GoogleUtilities/NSData+zlib (~> 8.0)"
  - FirebaseInstallations (11.4.0):
    - FirebaseCore (~> 11.0)
    - GoogleUtilities/Environment (~> 8.0)
    - GoogleUtilities/UserDefaults (~> 8.0)
    - PromisesObjC (~> 2.4)
  - Flutter (1.0.0)
  - flutter_local_notifications (0.0.1):
    - Flutter
  - flutter_native_splash (0.0.1):
    - Flutter
  - flutter_sound (9.16.3):
    - Flutter
    - flutter_sound_core (= 9.16.3)
  - flutter_sound_core (9.16.3)
  - flutter_tts (0.0.1):
    - Flutter
  - fluttertoast (0.0.2):
    - Flutter
    - Toast
  - GoogleAppMeasurement (11.4.0):
    - GoogleAppMeasurement/AdIdSupport (= 11.4.0)
    - GoogleUtilities/AppDelegateSwizzler (~> 8.0)
    - GoogleUtilities/MethodSwizzler (~> 8.0)
    - GoogleUtilities/Network (~> 8.0)
    - "GoogleUtilities/NSData+zlib (~> 8.0)"
    - nanopb (~> 3.30910.0)
  - GoogleAppMeasurement/AdIdSupport (11.4.0):
    - GoogleAppMeasurement/WithoutAdIdSupport (= 11.4.0)
    - GoogleUtilities/AppDelegateSwizzler (~> 8.0)
    - GoogleUtilities/MethodSwizzler (~> 8.0)
    - GoogleUtilities/Network (~> 8.0)
    - "GoogleUtilities/NSData+zlib (~> 8.0)"
    - nanopb (~> 3.30910.0)
  - GoogleAppMeasurement/WithoutAdIdSupport (11.4.0):
    - GoogleUtilities/AppDelegateSwizzler (~> 8.0)
    - GoogleUtilities/MethodSwizzler (~> 8.0)
    - GoogleUtilities/Network (~> 8.0)
    - "GoogleUtilities/NSData+zlib (~> 8.0)"
    - nanopb (~> 3.30910.0)
  - GoogleUtilities/AppDelegateSwizzler (8.0.2):
    - GoogleUtilities/Environment
    - GoogleUtilities/Logger
    - GoogleUtilities/Network
    - GoogleUtilities/Privacy
  - GoogleUtilities/Environment (8.0.2):
    - GoogleUtilities/Privacy
  - GoogleUtilities/Logger (8.0.2):
    - GoogleUtilities/Environment
    - GoogleUtilities/Privacy
  - GoogleUtilities/MethodSwizzler (8.0.2):
    - GoogleUtilities/Logger
    - GoogleUtilities/Privacy
  - GoogleUtilities/Network (8.0.2):
    - GoogleUtilities/Logger
    - "GoogleUtilities/NSData+zlib"
    - GoogleUtilities/Privacy
    - GoogleUtilities/Reachability
  - "GoogleUtilities/NSData+zlib (8.0.2)":
    - GoogleUtilities/Privacy
  - GoogleUtilities/Privacy (8.0.2)
  - GoogleUtilities/Reachability (8.0.2):
    - GoogleUtilities/Logger
    - GoogleUtilities/Privacy
  - GoogleUtilities/UserDefaults (8.0.2):
    - GoogleUtilities/Logger
    - GoogleUtilities/Privacy
  - GTMSessionFetcher/Core (4.1.0)
  - nanopb (3.30910.0):
    - nanopb/decode (= 3.30910.0)
    - nanopb/encode (= 3.30910.0)
  - nanopb/decode (3.30910.0)
  - nanopb/encode (3.30910.0)
  - path_provider_foundation (0.0.1):
    - Flutter
    - FlutterMacOS
  - permission_handler_apple (9.3.0):
    - Flutter
  - PromisesObjC (2.4.0)
  - RecaptchaInterop (100.0.0)
  - record_darwin (1.0.0):
    - Flutter
  - shared_preferences_foundation (0.0.1):
    - Flutter
    - FlutterMacOS
  - speech_to_text (0.0.1):
    - Flutter
    - FlutterMacOS
    - Try
  - Toast (4.1.1)
  - Try (2.1.1)

DEPENDENCIES:
  - firebase_analytics (from `.symlinks/plugins/firebase_analytics/ios`)
  - firebase_auth (from `.symlinks/plugins/firebase_auth/ios`)
  - firebase_core (from `.symlinks/plugins/firebase_core/ios`)
  - Flutter (from `Flutter`)
  - flutter_local_notifications (from `.symlinks/plugins/flutter_local_notifications/ios`)
  - flutter_native_splash (from `.symlinks/plugins/flutter_native_splash/ios`)
  - flutter_sound (from `.symlinks/plugins/flutter_sound/ios`)
  - flutter_tts (from `.symlinks/plugins/flutter_tts/ios`)
  - fluttertoast (from `.symlinks/plugins/fluttertoast/ios`)
  - path_provider_foundation (from `.symlinks/plugins/path_provider_foundation/darwin`)
  - permission_handler_apple (from `.symlinks/plugins/permission_handler_apple/ios`)
  - record_darwin (from `.symlinks/plugins/record_darwin/ios`)
  - shared_preferences_foundation (from `.symlinks/plugins/shared_preferences_foundation/darwin`)
  - speech_to_text (from `.symlinks/plugins/speech_to_text/darwin`)

SPEC REPOS:
  trunk:
    - Firebase
    - FirebaseAnalytics
    - FirebaseAppCheckInterop
    - FirebaseAuth
    - FirebaseAuthInterop
    - FirebaseCore
    - FirebaseCoreExtension
    - FirebaseCoreInternal
    - FirebaseInstallations
    - flutter_sound_core
    - GoogleAppMeasurement
    - GoogleUtilities
    - GTMSessionFetcher
    - nanopb
    - PromisesObjC
    - RecaptchaInterop
    - Toast
    - Try

EXTERNAL SOURCES:
  firebase_analytics:
    :path: ".symlinks/plugins/firebase_analytics/ios"
  firebase_auth:
    :path: ".symlinks/plugins/firebase_auth/ios"
  firebase_core:
    :path: ".symlinks/plugins/firebase_core/ios"
  Flutter:
    :path: Flutter
  flutter_local_notifications:
    :path: ".symlinks/plugins/flutter_local_notifications/ios"
  flutter_native_splash:
    :path: ".symlinks/plugins/flutter_native_splash/ios"
  flutter_sound:
    :path: ".symlinks/plugins/flutter_sound/ios"
  flutter_tts:
    :path: ".symlinks/plugins/flutter_tts/ios"
  fluttertoast:
    :path: ".symlinks/plugins/fluttertoast/ios"
  path_provider_foundation:
    :path: ".symlinks/plugins/path_provider_foundation/darwin"
  permission_handler_apple:
    :path: ".symlinks/plugins/permission_handler_apple/ios"
  record_darwin:
    :path: ".symlinks/plugins/record_darwin/ios"
  shared_preferences_foundation:
    :path: ".symlinks/plugins/shared_preferences_foundation/darwin"
  speech_to_text:
    :path: ".symlinks/plugins/speech_to_text/darwin"

SPEC CHECKSUMS:
  Firebase: cf1b19f21410b029b6786a54e9764a0cacad3c99
  firebase_analytics: 69a0f3e2ca2722c0758544eafcdcfa906b0f5227
  firebase_auth: 5defc54c120ef8d00a359ba787f1f3f521db59ce
  firebase_core: f8c5b220a8f9c436fdbd075ae321cef3d96ef181
  FirebaseAnalytics: 3feef9ae8733c567866342a1000691baaa7cad49
  FirebaseAppCheckInterop: 1b9643ae2f1ee214488caa2f8e32b7bc2f0f3735
  FirebaseAuth: c359af98bd703cbf4293eec107a40de08ede6ce6
  FirebaseAuthInterop: 9ac948965ac13ec9d8a080f39490ddb2bda30520
  FirebaseCore: e0510f1523bc0eb21653cac00792e1e2bd6f1771
  FirebaseCoreExtension: f1bc67a4702931a7caa097d8e4ac0a1b0d16720e
  FirebaseCoreInternal: 35731192cab10797b88411be84940d2beb33a238
  FirebaseInstallations: 6ef4a1c7eb2a61ee1f74727d7f6ce2e72acf1414
  Flutter: e0871f40cf51350855a761d2e70bf5af5b9b5de7
  flutter_local_notifications: df98d66e515e1ca797af436137b4459b160ad8c9
  flutter_native_splash: edf599c81f74d093a4daf8e17bd7a018854bc778
  flutter_sound: d9c7b35b2f19366439a74695d190d9a504a6b4fe
  flutter_sound_core: 2c5d7e93183845b53a776d99c4d6ebc2933ec495
  flutter_tts: 0f492aab6accf87059b72354fcb4ba934304771d
  fluttertoast: e9a18c7be5413da53898f660530c56f35edfba9c
  GoogleAppMeasurement: 987769c4ca6b968f2479fbcc9fe3ce34af454b8e
  GoogleUtilities: 26a3abef001b6533cf678d3eb38fd3f614b7872d
  GTMSessionFetcher: 923b710231ad3d6f3f0495ac1ced35421e07d9a6
  nanopb: fad817b59e0457d11a5dfbde799381cd727c1275
  path_provider_foundation: 2b6b4c569c0fb62ec74538f866245ac84301af46
  permission_handler_apple: 9878588469a2b0d0fc1e048d9f43605f92e6cec2
  PromisesObjC: f5707f49cb48b9636751c5b2e7d227e43fba9f47
  RecaptchaInterop: 7d1a4a01a6b2cb1610a47ef3f85f0c411434cb21
  record_darwin: 3b1a8e7d5c0cbf45ad6165b4d83a6ca643d929c3
  shared_preferences_foundation: fcdcbc04712aee1108ac7fda236f363274528f78
  speech_to_text: 627d3fd2194770b51abb324ba45c2d39398f24a8
  Toast: 1f5ea13423a1e6674c4abdac5be53587ae481c4e
  Try: 5ef669ae832617b3cee58cb2c6f99fb767a4ff96

PODFILE CHECKSUM: 1959d098c91d8a792531a723c4a9d7e9f6a01e38

COCOAPODS: 1.16.1
